// !$*UTF8*$!
{
	archiveVersion = 1;
	classes = {
	};
	objectVersion = 77;
	objects = {

/* Begin PBXBuildFile section */
		724AD62A2DB2522F0041AB9F /* Documantation in Resources */ = {isa = PBXBuildFile; fileRef = 724AD6292DB2522F0041AB9F /* Documantation */; };
		72A55BD22DB12B4200D39FEA /* EventHorizon in Frameworks */ = {isa = PBXBuildFile; productRef = 72A55BD12DB12B4200D39FEA /* EventHorizon */; };
		72A55D2B2DB1319100D39FEA /* .swiftlint.yml in Resources */ = {isa = PBXBuildFile; fileRef = 72A55D2A2DB1319100D39FEA /* .swiftlint.yml */; };
/* End PBXBuildFile section */

/* Begin PBXContainerItemProxy section */
		72A55B772DB1242100D39FEA /* PBXContainerItemProxy */ = {
			isa = PBXContainerItemProxy;
			containerPortal = 72A55B5C2DB1241E00D39FEA /* Project object */;
			proxyType = 1;
			remoteGlobalIDString = 72A55B632DB1241E00D39FEA;
			remoteInfo = WeatherApp;
		};
		72A55B812DB1242100D39FEA /* PBXContainerItemProxy */ = {
			isa = PBXContainerItemProxy;
			containerPortal = 72A55B5C2DB1241E00D39FEA /* Project object */;
			proxyType = 1;
			remoteGlobalIDString = 72A55B632DB1241E00D39FEA;
			remoteInfo = WeatherApp;
		};
/* End PBXContainerItemProxy section */

/* Begin PBXFileReference section */
		724AD6292DB2522F0041AB9F /* Documantation */ = {isa = PBXFileReference; lastKnownFileType = text; path = Documantation; sourceTree = "<group>"; };
		72A55B642DB1241E00D39FEA /* WeatherApp.app */ = {isa = PBXFileReference; explicitFileType = wrapper.application; includeInIndex = 0; path = WeatherApp.app; sourceTree = BUILT_PRODUCTS_DIR; };
		72A55B762DB1242100D39FEA /* WeatherAppTests.xctest */ = {isa = PBXFileReference; explicitFileType = wrapper.cfbundle; includeInIndex = 0; path = WeatherAppTests.xctest; sourceTree = BUILT_PRODUCTS_DIR; };
		72A55B802DB1242100D39FEA /* WeatherAppUITests.xctest */ = {isa = PBXFileReference; explicitFileType = wrapper.cfbundle; includeInIndex = 0; path = WeatherAppUITests.xctest; sourceTree = BUILT_PRODUCTS_DIR; };
		72A55D2A2DB1319100D39FEA /* .swiftlint.yml */ = {isa = PBXFileReference; lastKnownFileType = text.yaml; path = .swiftlint.yml; sourceTree = "<group>"; };
/* End PBXFileReference section */

/* Begin PBXFileSystemSynchronizedBuildFileExceptionSet section */
		72A55CC42DB12DD000D39FEA /* Exceptions for "WeatherApp" folder in "WeatherApp" target */ = {
			isa = PBXFileSystemSynchronizedBuildFileExceptionSet;
			membershipExceptions = (
				Info.plist,
			);
			target = 72A55B632DB1241E00D39FEA /* WeatherApp */;
		};
/* End PBXFileSystemSynchronizedBuildFileExceptionSet section */

/* Begin PBXFileSystemSynchronizedRootGroup section */
		72A55B662DB1241E00D39FEA /* WeatherApp */ = {
			isa = PBXFileSystemSynchronizedRootGroup;
			exceptions = (
				72A55CC42DB12DD000D39FEA /* Exceptions for "WeatherApp" folder in "WeatherApp" target */,
			);
			path = WeatherApp;
			sourceTree = "<group>";
		};
		72A55B792DB1242100D39FEA /* WeatherAppTests */ = {
			isa = PBXFileSystemSynchronizedRootGroup;
			path = WeatherAppTests;
			sourceTree = "<group>";
		};
		72A55B832DB1242100D39FEA /* WeatherAppUITests */ = {
			isa = PBXFileSystemSynchronizedRootGroup;
			path = WeatherAppUITests;
			sourceTree = "<group>";
		};
/* End PBXFileSystemSynchronizedRootGroup section */

/* Begin PBXFrameworksBuildPhase section */
		72A55B612DB1241E00D39FEA /* Frameworks */ = {
			isa = PBXFrameworksBuildPhase;
			buildActionMask = 2147483647;
			files = (
				72A55BD22DB12B4200D39FEA /* EventHorizon in Frameworks */,
			);
			runOnlyForDeploymentPostprocessing = 0;
		};
		72A55B732DB1242100D39FEA /* Frameworks */ = {
			isa = PBXFrameworksBuildPhase;
			buildActionMask = 2147483647;
			files = (
			);
			runOnlyForDeploymentPostprocessing = 0;
		};
		72A55B7D2DB1242100D39FEA /* Frameworks */ = {
			isa = PBXFrameworksBuildPhase;
			buildActionMask = 2147483647;
			files = (
			);
			runOnlyForDeploymentPostprocessing = 0;
		};
/* End PBXFrameworksBuildPhase section */

/* Begin PBXGroup section */
		72A55B5B2DB1241E00D39FEA = {
			isa = PBXGroup;
			children = (
				724AD6292DB2522F0041AB9F /* Documantation */,
				72A55D2A2DB1319100D39FEA /* .swiftlint.yml */,
				72A55B662DB1241E00D39FEA /* WeatherApp */,
				72A55B792DB1242100D39FEA /* WeatherAppTests */,
				72A55B832DB1242100D39FEA /* WeatherAppUITests */,
				72A55B652DB1241E00D39FEA /* Products */,
			);
			sourceTree = "<group>";
		};
		72A55B652DB1241E00D39FEA /* Products */ = {
			isa = PBXGroup;
			children = (
				72A55B642DB1241E00D39FEA /* WeatherApp.app */,
				72A55B762DB1242100D39FEA /* WeatherAppTests.xctest */,
				72A55B802DB1242100D39FEA /* WeatherAppUITests.xctest */,
			);
			name = Products;
			sourceTree = "<group>";
		};
/* End PBXGroup section */

/* Begin PBXNativeTarget section */
		72A55B632DB1241E00D39FEA /* WeatherApp */ = {
			isa = PBXNativeTarget;
			buildConfigurationList = 72A55B8A2DB1242100D39FEA /* Build configuration list for PBXNativeTarget "WeatherApp" */;
			buildPhases = (
				72A55B602DB1241E00D39FEA /* Sources */,
				72A55B612DB1241E00D39FEA /* Frameworks */,
				72A55B622DB1241E00D39FEA /* Resources */,
				72A55DB92DB1331600D39FEA /* SwiftLint */,
			);
			buildRules = (
			);
			dependencies = (
				724AD6372DB2582D0041AB9F /* PBXTargetDependency */,
			);
			fileSystemSynchronizedGroups = (
				72A55B662DB1241E00D39FEA /* WeatherApp */,
			);
			name = WeatherApp;
			packageProductDependencies = (
				72A55BD12DB12B4200D39FEA /* EventHorizon */,
			);
			productName = WeatherApp;
			productReference = 72A55B642DB1241E00D39FEA /* WeatherApp.app */;
			productType = "com.apple.product-type.application";
		};
		72A55B752DB1242100D39FEA /* WeatherAppTests */ = {
			isa = PBXNativeTarget;
			buildConfigurationList = 72A55B8D2DB1242100D39FEA /* Build configuration list for PBXNativeTarget "WeatherAppTests" */;
			buildPhases = (
				72A55B722DB1242100D39FEA /* Sources */,
				72A55B732DB1242100D39FEA /* Frameworks */,
				72A55B742DB1242100D39FEA /* Resources */,
			);
			buildRules = (
			);
			dependencies = (
				72A55B782DB1242100D39FEA /* PBXTargetDependency */,
			);
			fileSystemSynchronizedGroups = (
				72A55B792DB1242100D39FEA /* WeatherAppTests */,
			);
			name = WeatherAppTests;
			packageProductDependencies = (
			);
			productName = WeatherAppTests;
			productReference = 72A55B762DB1242100D39FEA /* WeatherAppTests.xctest */;
			productType = "com.apple.product-type.bundle.unit-test";
		};
		72A55B7F2DB1242100D39FEA /* WeatherAppUITests */ = {
			isa = PBXNativeTarget;
			buildConfigurationList = 72A55B902DB1242100D39FEA /* Build configuration list for PBXNativeTarget "WeatherAppUITests" */;
			buildPhases = (
				72A55B7C2DB1242100D39FEA /* Sources */,
				72A55B7D2DB1242100D39FEA /* Frameworks */,
				72A55B7E2DB1242100D39FEA /* Resources */,
			);
			buildRules = (
			);
			dependencies = (
				72A55B822DB1242100D39FEA /* PBXTargetDependency */,
			);
			fileSystemSynchronizedGroups = (
				72A55B832DB1242100D39FEA /* WeatherAppUITests */,
			);
			name = WeatherAppUITests;
			packageProductDependencies = (
			);
			productName = WeatherAppUITests;
			productReference = 72A55B802DB1242100D39FEA /* WeatherAppUITests.xctest */;
			productType = "com.apple.product-type.bundle.ui-testing";
		};
/* End PBXNativeTarget section */

/* Begin PBXProject section */
		72A55B5C2DB1241E00D39FEA /* Project object */ = {
			isa = PBXProject;
			attributes = {
				BuildIndependentTargetsInParallel = 1;
				LastSwiftUpdateCheck = 1630;
				LastUpgradeCheck = 1630;
				TargetAttributes = {
					72A55B632DB1241E00D39FEA = {
						CreatedOnToolsVersion = 16.3;
					};
					72A55B752DB1242100D39FEA = {
						CreatedOnToolsVersion = 16.3;
						TestTargetID = 72A55B632DB1241E00D39FEA;
					};
					72A55B7F2DB1242100D39FEA = {
						CreatedOnToolsVersion = 16.3;
						TestTargetID = 72A55B632DB1241E00D39FEA;
					};
				};
			};
			buildConfigurationList = 72A55B5F2DB1241E00D39FEA /* Build configuration list for PBXProject "WeatherApp" */;
			developmentRegion = en;
			hasScannedForEncodings = 0;
			knownRegions = (
				en,
				Base,
			);
			mainGroup = 72A55B5B2DB1241E00D39FEA;
			minimizedProjectReferenceProxies = 1;
			packageReferences = (
				72A55BD02DB12B4200D39FEA /* XCRemoteSwiftPackageReference "EventHorizon" */,
				724AD6352DB2580C0041AB9F /* XCRemoteSwiftPackageReference "SwiftLint" */,
			);
			preferredProjectObjectVersion = 77;
			productRefGroup = 72A55B652DB1241E00D39FEA /* Products */;
			projectDirPath = "";
			projectRoot = "";
			targets = (
				72A55B632DB1241E00D39FEA /* WeatherApp */,
				72A55B752DB1242100D39FEA /* WeatherAppTests */,
				72A55B7F2DB1242100D39FEA /* WeatherAppUITests */,
			);
		};
/* End PBXProject section */

/* Begin PBXResourcesBuildPhase section */
		72A55B622DB1241E00D39FEA /* Resources */ = {
			isa = PBXResourcesBuildPhase;
			buildActionMask = 2147483647;
			files = (
				724AD62A2DB2522F0041AB9F /* Documantation in Resources */,
				72A55D2B2DB1319100D39FEA /* .swiftlint.yml in Resources */,
			);
			runOnlyForDeploymentPostprocessing = 0;
		};
		72A55B742DB1242100D39FEA /* Resources */ = {
			isa = PBXResourcesBuildPhase;
			buildActionMask = 2147483647;
			files = (
			);
			runOnlyForDeploymentPostprocessing = 0;
		};
		72A55B7E2DB1242100D39FEA /* Resources */ = {
			isa = PBXResourcesBuildPhase;
			buildActionMask = 2147483647;
			files = (
			);
			runOnlyForDeploymentPostprocessing = 0;
		};
/* End PBXResourcesBuildPhase section */

/* Begin PBXShellScriptBuildPhase section */
		72A55DB92DB1331600D39FEA /* SwiftLint */ = {
			isa = PBXShellScriptBuildPhase;
			alwaysOutOfDate = 1;
			buildActionMask = 12;
			files = (
			);
			inputFileListPaths = (
			);
			inputPaths = (
			);
			name = SwiftLint;
			outputFileListPaths = (
			);
			outputPaths = (
			);
			runOnlyForDeploymentPostprocessing = 0;
			shellPath = /bin/sh;
			shellScript = "if [[ \"$(uname -m)\" == arm64 ]]\nthen\n    export PATH=\"/opt/homebrew/bin:$PATH\"\nfi\n\nif command -v swiftlint >/dev/null 2>&1\nthen\n    swiftlint\nelse\n    echo \"warning: `swiftlint` command not found - See https://github.com/realm/SwiftLint#installation for installation instructions.\"\nfi\n";
			showEnvVarsInLog = 0;
		};
/* End PBXShellScriptBuildPhase section */

/* Begin PBXSourcesBuildPhase section */
		72A55B602DB1241E00D39FEA /* Sources */ = {
			isa = PBXSourcesBuildPhase;
			buildActionMask = 2147483647;
			files = (
			);
			runOnlyForDeploymentPostprocessing = 0;
		};
		72A55B722DB1242100D39FEA /* Sources */ = {
			isa = PBXSourcesBuildPhase;
			buildActionMask = 2147483647;
			files = (
			);
			runOnlyForDeploymentPostprocessing = 0;
		};
		72A55B7C2DB1242100D39FEA /* Sources */ = {
			isa = PBXSourcesBuildPhase;
			buildActionMask = 2147483647;
			files = (
			);
			runOnlyForDeploymentPostprocessing = 0;
		};
/* End PBXSourcesBuildPhase section */

/* Begin PBXTargetDependency section */
		724AD6372DB2582D0041AB9F /* PBXTargetDependency */ = {
			isa = PBXTargetDependency;
			productRef = 724AD6362DB2582D0041AB9F /* SwiftLintBuildToolPlugin */;
		};
		72A55B782DB1242100D39FEA /* PBXTargetDependency */ = {
			isa = PBXTargetDependency;
			target = 72A55B632DB1241E00D39FEA /* WeatherApp */;
			targetProxy = 72A55B772DB1242100D39FEA /* PBXContainerItemProxy */;
		};
		72A55B822DB1242100D39FEA /* PBXTargetDependency */ = {
			isa = PBXTargetDependency;
			target = 72A55B632DB1241E00D39FEA /* WeatherApp */;
			targetProxy = 72A55B812DB1242100D39FEA /* PBXContainerItemProxy */;
		};
/* End PBXTargetDependency section */

/* Begin XCBuildConfiguration section */
		72A55B882DB1242100D39FEA /* Debug */ = {
			isa = XCBuildConfiguration;
			buildSettings = {
				ALWAYS_SEARCH_USER_PATHS = NO;
				ASSETCATALOG_COMPILER_GENERATE_SWIFT_ASSET_SYMBOL_EXTENSIONS = YES;
				CLANG_ANALYZER_NONNULL = YES;
				CLANG_ANALYZER_NUMBER_OBJECT_CONVERSION = YES_AGGRESSIVE;
				CLANG_CXX_LANGUAGE_STANDARD = "gnu++20";
				CLANG_ENABLE_MODULES = YES;
				CLANG_ENABLE_OBJC_ARC = YES;
				CLANG_ENABLE_OBJC_WEAK = YES;
				CLANG_WARN_BLOCK_CAPTURE_AUTORELEASING = YES;
				CLANG_WARN_BOOL_CONVERSION = YES;
				CLANG_WARN_COMMA = YES;
				CLANG_WARN_CONSTANT_CONVERSION = YES;
				CLANG_WARN_DEPRECATED_OBJC_IMPLEMENTATIONS = YES;
				CLANG_WARN_DIRECT_OBJC_ISA_USAGE = YES_ERROR;
				CLANG_WARN_DOCUMENTATION_COMMENTS = YES;
				CLANG_WARN_EMPTY_BODY = YES;
				CLANG_WARN_ENUM_CONVERSION = YES;
				CLANG_WARN_INFINITE_RECURSION = YES;
				CLANG_WARN_INT_CONVERSION = YES;
				CLANG_WARN_NON_LITERAL_NULL_CONVERSION = YES;
				CLANG_WARN_OBJC_IMPLICIT_RETAIN_SELF = YES;
				CLANG_WARN_OBJC_LITERAL_CONVERSION = YES;
				CLANG_WARN_OBJC_ROOT_CLASS = YES_ERROR;
				CLANG_WARN_QUOTED_INCLUDE_IN_FRAMEWORK_HEADER = YES;
				CLANG_WARN_RANGE_LOOP_ANALYSIS = YES;
				CLANG_WARN_STRICT_PROTOTYPES = YES;
				CLANG_WARN_SUSPICIOUS_MOVE = YES;
				CLANG_WARN_UNGUARDED_AVAILABILITY = YES_AGGRESSIVE;
				CLANG_WARN_UNREACHABLE_CODE = YES;
				CLANG_WARN__DUPLICATE_METHOD_MATCH = YES;
				COPY_PHASE_STRIP = NO;
				DEBUG_INFORMATION_FORMAT = dwarf;
				DEVELOPMENT_TEAM = 4KP7P7XSCQ;
				ENABLE_STRICT_OBJC_MSGSEND = YES;
				ENABLE_TESTABILITY = YES;
				ENABLE_USER_SCRIPT_SANDBOXING = YES;
				GCC_C_LANGUAGE_STANDARD = gnu17;
				GCC_DYNAMIC_NO_PIC = NO;
				GCC_NO_COMMON_BLOCKS = YES;
				GCC_OPTIMIZATION_LEVEL = 0;
				GCC_PREPROCESSOR_DEFINITIONS = (
					"DEBUG=1",
					"$(inherited)",
				);
				GCC_WARN_64_TO_32_BIT_CONVERSION = YES;
				GCC_WARN_ABOUT_RETURN_TYPE = YES_ERROR;
				GCC_WARN_UNDECLARED_SELECTOR = YES;
				GCC_WARN_UNINITIALIZED_AUTOS = YES_AGGRESSIVE;
				GCC_WARN_UNUSED_FUNCTION = YES;
				GCC_WARN_UNUSED_VARIABLE = YES;
				IPHONEOS_DEPLOYMENT_TARGET = 18.4;
				LOCALIZATION_PREFERS_STRING_CATALOGS = YES;
				MTL_ENABLE_DEBUG_INFO = INCLUDE_SOURCE;
				MTL_FAST_MATH = YES;
				ONLY_ACTIVE_ARCH = YES;
				SDKROOT = iphoneos;
				SWIFT_ACTIVE_COMPILATION_CONDITIONS = "DEBUG $(inherited)";
				SWIFT_OPTIMIZATION_LEVEL = "-Onone";
			};
			name = Debug;
		};
		72A55B892DB1242100D39FEA /* Release */ = {
			isa = XCBuildConfiguration;
			buildSettings = {
				ALWAYS_SEARCH_USER_PATHS = NO;
				ASSETCATALOG_COMPILER_GENERATE_SWIFT_ASSET_SYMBOL_EXTENSIONS = YES;
				CLANG_ANALYZER_NONNULL = YES;
				CLANG_ANALYZER_NUMBER_OBJECT_CONVERSION = YES_AGGRESSIVE;
				CLANG_CXX_LANGUAGE_STANDARD = "gnu++20";
				CLANG_ENABLE_MODULES = YES;
				CLANG_ENABLE_OBJC_ARC = YES;
				CLANG_ENABLE_OBJC_WEAK = YES;
				CLANG_WARN_BLOCK_CAPTURE_AUTORELEASING = YES;
				CLANG_WARN_BOOL_CONVERSION = YES;
				CLANG_WARN_COMMA = YES;
				CLANG_WARN_CONSTANT_CONVERSION = YES;
				CLANG_WARN_DEPRECATED_OBJC_IMPLEMENTATIONS = YES;
				CLANG_WARN_DIRECT_OBJC_ISA_USAGE = YES_ERROR;
				CLANG_WARN_DOCUMENTATION_COMMENTS = YES;
				CLANG_WARN_EMPTY_BODY = YES;
				CLANG_WARN_ENUM_CONVERSION = YES;
				CLANG_WARN_INFINITE_RECURSION = YES;
				CLANG_WARN_INT_CONVERSION = YES;
				CLANG_WARN_NON_LITERAL_NULL_CONVERSION = YES;
				CLANG_WARN_OBJC_IMPLICIT_RETAIN_SELF = YES;
				CLANG_WARN_OBJC_LITERAL_CONVERSION = YES;
				CLANG_WARN_OBJC_ROOT_CLASS = YES_ERROR;
				CLANG_WARN_QUOTED_INCLUDE_IN_FRAMEWORK_HEADER = YES;
				CLANG_WARN_RANGE_LOOP_ANALYSIS = YES;
				CLANG_WARN_STRICT_PROTOTYPES = YES;
				CLANG_WARN_SUSPICIOUS_MOVE = YES;
				CLANG_WARN_UNGUARDED_AVAILABILITY = YES_AGGRESSIVE;
				CLANG_WARN_UNREACHABLE_CODE = YES;
				CLANG_WARN__DUPLICATE_METHOD_MATCH = YES;
				COPY_PHASE_STRIP = NO;
				DEBUG_INFORMATION_FORMAT = "dwarf-with-dsym";
				DEVELOPMENT_TEAM = 4KP7P7XSCQ;
				ENABLE_NS_ASSERTIONS = NO;
				ENABLE_STRICT_OBJC_MSGSEND = YES;
				ENABLE_USER_SCRIPT_SANDBOXING = YES;
				GCC_C_LANGUAGE_STANDARD = gnu17;
				GCC_NO_COMMON_BLOCKS = YES;
				GCC_WARN_64_TO_32_BIT_CONVERSION = YES;
				GCC_WARN_ABOUT_RETURN_TYPE = YES_ERROR;
				GCC_WARN_UNDECLARED_SELECTOR = YES;
				GCC_WARN_UNINITIALIZED_AUTOS = YES_AGGRESSIVE;
				GCC_WARN_UNUSED_FUNCTION = YES;
				GCC_WARN_UNUSED_VARIABLE = YES;
				IPHONEOS_DEPLOYMENT_TARGET = 18.4;
				LOCALIZATION_PREFERS_STRING_CATALOGS = YES;
				MTL_ENABLE_DEBUG_INFO = NO;
				MTL_FAST_MATH = YES;
				SDKROOT = iphoneos;
				SWIFT_COMPILATION_MODE = wholemodule;
				VALIDATE_PRODUCT = YES;
			};
			name = Release;
		};
		72A55B8B2DB1242100D39FEA /* Debug */ = {
			isa = XCBuildConfiguration;
			buildSettings = {
				ASSETCATALOG_COMPILER_APPICON_NAME = AppIcon;
				ASSETCATALOG_COMPILER_GLOBAL_ACCENT_COLOR_NAME = AccentColor;
				CODE_SIGN_STYLE = Automatic;
				CURRENT_PROJECT_VERSION = 1;
				DEVELOPMENT_TEAM = 4KP7P7XSCQ;
				ENABLE_PREVIEWS = YES;
				GENERATE_INFOPLIST_FILE = YES;
				INFOPLIST_FILE = WeatherApp/Info.plist;
				INFOPLIST_KEY_UIApplicationSceneManifest_Generation = YES;
				INFOPLIST_KEY_UIApplicationSupportsIndirectInputEvents = YES;
				INFOPLIST_KEY_UILaunchScreen_Generation = YES;
				INFOPLIST_KEY_UISupportedInterfaceOrientations_iPad = "UIInterfaceOrientationPortrait UIInterfaceOrientationPortraitUpsideDown UIInterfaceOrientationLandscapeLeft UIInterfaceOrientationLandscapeRight";
				INFOPLIST_KEY_UISupportedInterfaceOrientations_iPhone = "UIInterfaceOrientationPortrait UIInterfaceOrientationLandscapeLeft UIInterfaceOrientationLandscapeRight";
				IPHONEOS_DEPLOYMENT_TARGET = 15.6;
				LD_RUNPATH_SEARCH_PATHS = (
					"$(inherited)",
					"@executable_path/Frameworks",
				);
				MARKETING_VERSION = 1.0;
				PRODUCT_BUNDLE_IDENTIFIER = Etisalat.WeatherApp;
				PRODUCT_NAME = "$(TARGET_NAME)";
				SWIFT_EMIT_LOC_STRINGS = YES;
				SWIFT_VERSION = 5.0;
				TARGETED_DEVICE_FAMILY = "1,2";
			};
			name = Debug;
		};
		72A55B8C2DB1242100D39FEA /* Release */ = {
			isa = XCBuildConfiguration;
			buildSettings = {
				ASSETCATALOG_COMPILER_APPICON_NAME = AppIcon;
				ASSETCATALOG_COMPILER_GLOBAL_ACCENT_COLOR_NAME = AccentColor;
				CODE_SIGN_STYLE = Automatic;
				CURRENT_PROJECT_VERSION = 1;
				DEVELOPMENT_TEAM = 4KP7P7XSCQ;
				ENABLE_PREVIEWS = YES;
				GENERATE_INFOPLIST_FILE = YES;
				INFOPLIST_FILE = WeatherApp/Info.plist;
				INFOPLIST_KEY_UIApplicationSceneManifest_Generation = YES;
				INFOPLIST_KEY_UIApplicationSupportsIndirectInputEvents = YES;
				INFOPLIST_KEY_UILaunchScreen_Generation = YES;
				INFOPLIST_KEY_UISupportedInterfaceOrientations_iPad = "UIInterfaceOrientationPortrait UIInterfaceOrientationPortraitUpsideDown UIInterfaceOrientationLandscapeLeft UIInterfaceOrientationLandscapeRight";
				INFOPLIST_KEY_UISupportedInterfaceOrientations_iPhone = "UIInterfaceOrientationPortrait UIInterfaceOrientationLandscapeLeft UIInterfaceOrientationLandscapeRight";
				IPHONEOS_DEPLOYMENT_TARGET = 15.6;
				LD_RUNPATH_SEARCH_PATHS = (
					"$(inherited)",
					"@executable_path/Frameworks",
				);
				MARKETING_VERSION = 1.0;
				PRODUCT_BUNDLE_IDENTIFIER = Etisalat.WeatherApp;
				PRODUCT_NAME = "$(TARGET_NAME)";
				SWIFT_EMIT_LOC_STRINGS = YES;
				SWIFT_VERSION = 5.0;
				TARGETED_DEVICE_FAMILY = "1,2";
			};
			name = Release;
		};
		72A55B8E2DB1242100D39FEA /* Debug */ = {
			isa = XCBuildConfiguration;
			buildSettings = {
				BUNDLE_LOADER = "$(TEST_HOST)";
				CODE_SIGN_STYLE = Automatic;
				CURRENT_PROJECT_VERSION = 1;
				DEVELOPMENT_TEAM = 4KP7P7XSCQ;
				GENERATE_INFOPLIST_FILE = YES;
				IPHONEOS_DEPLOYMENT_TARGET = 18.4;
				MARKETING_VERSION = 1.0;
				PRODUCT_BUNDLE_IDENTIFIER = Etisalat.WeatherAppTests;
				PRODUCT_NAME = "$(TARGET_NAME)";
				SWIFT_EMIT_LOC_STRINGS = NO;
				SWIFT_VERSION = 5.0;
				TARGETED_DEVICE_FAMILY = "1,2";
				TEST_HOST = "$(BUILT_PRODUCTS_DIR)/WeatherApp.app/$(BUNDLE_EXECUTABLE_FOLDER_PATH)/WeatherApp";
			};
			name = Debug;
		};
		72A55B8F2DB1242100D39FEA /* Release */ = {
			isa = XCBuildConfiguration;
			buildSettings = {
				BUNDLE_LOADER = "$(TEST_HOST)";
				CODE_SIGN_STYLE = Automatic;
				CURRENT_PROJECT_VERSION = 1;
				DEVELOPMENT_TEAM = 4KP7P7XSCQ;
				GENERATE_INFOPLIST_FILE = YES;
				IPHONEOS_DEPLOYMENT_TARGET = 18.4;
				MARKETING_VERSION = 1.0;
				PRODUCT_BUNDLE_IDENTIFIER = Etisalat.WeatherAppTests;
				PRODUCT_NAME = "$(TARGET_NAME)";
				SWIFT_EMIT_LOC_STRINGS = NO;
				SWIFT_VERSION = 5.0;
				TARGETED_DEVICE_FAMILY = "1,2";
				TEST_HOST = "$(BUILT_PRODUCTS_DIR)/WeatherApp.app/$(BUNDLE_EXECUTABLE_FOLDER_PATH)/WeatherApp";
			};
			name = Release;
		};
		72A55B912DB1242100D39FEA /* Debug */ = {
			isa = XCBuildConfiguration;
			buildSettings = {
				CODE_SIGN_STYLE = Automatic;
				CURRENT_PROJECT_VERSION = 1;
				DEVELOPMENT_TEAM = 4KP7P7XSCQ;
				GENERATE_INFOPLIST_FILE = YES;
				MARKETING_VERSION = 1.0;
				PRODUCT_BUNDLE_IDENTIFIER = Etisalat.WeatherAppUITests;
				PRODUCT_NAME = "$(TARGET_NAME)";
				SWIFT_EMIT_LOC_STRINGS = NO;
				SWIFT_VERSION = 5.0;
				TARGETED_DEVICE_FAMILY = "1,2";
				TEST_TARGET_NAME = WeatherApp;
			};
			name = Debug;
		};
		72A55B922DB1242100D39FEA /* Release */ = {
			isa = XCBuildConfiguration;
			buildSettings = {
				CODE_SIGN_STYLE = Automatic;
				CURRENT_PROJECT_VERSION = 1;
				DEVELOPMENT_TEAM = 4KP7P7XSCQ;
				GENERATE_INFOPLIST_FILE = YES;
				MARKETING_VERSION = 1.0;
				PRODUCT_BUNDLE_IDENTIFIER = Etisalat.WeatherAppUITests;
				PRODUCT_NAME = "$(TARGET_NAME)";
				SWIFT_EMIT_LOC_STRINGS = NO;
				SWIFT_VERSION = 5.0;
				TARGETED_DEVICE_FAMILY = "1,2";
				TEST_TARGET_NAME = WeatherApp;
			};
			name = Release;
		};
/* End XCBuildConfiguration section */

/* Begin XCConfigurationList section */
		72A55B5F2DB1241E00D39FEA /* Build configuration list for PBXProject "WeatherApp" */ = {
			isa = XCConfigurationList;
			buildConfigurations = (
				72A55B882DB1242100D39FEA /* Debug */,
				72A55B892DB1242100D39FEA /* Release */,
			);
			defaultConfigurationIsVisible = 0;
			defaultConfigurationName = Release;
		};
		72A55B8A2DB1242100D39FEA /* Build configuration list for PBXNativeTarget "WeatherApp" */ = {
			isa = XCConfigurationList;
			buildConfigurations = (
				72A55B8B2DB1242100D39FEA /* Debug */,
				72A55B8C2DB1242100D39FEA /* Release */,
			);
			defaultConfigurationIsVisible = 0;
			defaultConfigurationName = Release;
		};
		72A55B8D2DB1242100D39FEA /* Build configuration list for PBXNativeTarget "WeatherAppTests" */ = {
			isa = XCConfigurationList;
			buildConfigurations = (
				72A55B8E2DB1242100D39FEA /* Debug */,
				72A55B8F2DB1242100D39FEA /* Release */,
			);
			defaultConfigurationIsVisible = 0;
			defaultConfigurationName = Release;
		};
		72A55B902DB1242100D39FEA /* Build configuration list for PBXNativeTarget "WeatherAppUITests" */ = {
			isa = XCConfigurationList;
			buildConfigurations = (
				72A55B912DB1242100D39FEA /* Debug */,
				72A55B922DB1242100D39FEA /* Release */,
			);
			defaultConfigurationIsVisible = 0;
			defaultConfigurationName = Release;
		};
/* End XCConfigurationList section */

/* Begin XCRemoteSwiftPackageReference section */
		724AD6352DB2580C0041AB9F /* XCRemoteSwiftPackageReference "SwiftLint" */ = {
			isa = XCRemoteSwiftPackageReference;
			repositoryURL = "https://github.com/realm/SwiftLint";
			requirement = {
				kind = upToNextMajorVersion;
				minimumVersion = 0.52.2;
			};
		};
		72A55BD02DB12B4200D39FEA /* XCRemoteSwiftPackageReference "EventHorizon" */ = {
			isa = XCRemoteSwiftPackageReference;
			repositoryURL = "https://github.com/egzonpllana/EventHorizon.git";
			requirement = {
				kind = upToNextMajorVersion;
				minimumVersion = 1.2.0;
			};
		};
/* End XCRemoteSwiftPackageReference section */

/* Begin XCSwiftPackageProductDependency section */
		724AD6362DB2582D0041AB9F /* SwiftLintBuildToolPlugin */ = {
			isa = XCSwiftPackageProductDependency;
			package = 724AD6352DB2580C0041AB9F /* XCRemoteSwiftPackageReference "SwiftLint" */;
			productName = "plugin:SwiftLintBuildToolPlugin";
		};
		72A55BD12DB12B4200D39FEA /* EventHorizon */ = {
			isa = XCSwiftPackageProductDependency;
			package = 72A55BD02DB12B4200D39FEA /* XCRemoteSwiftPackageReference "EventHorizon" */;
			productName = EventHorizon;
		};
/* End XCSwiftPackageProductDependency section */
	};
	rootObject = 72A55B5C2DB1241E00D39FEA /* Project object */;
}
